
Microsoft Visual Studio Solution File, Format Version 12.00
# Visual Studio 15
VisualStudioVersion = 15.0.27428.2037
MinimumVisualStudioVersion = 10.0.40219.1
Project("{FAE04EC0-301F-11D3-BF4B-00C04F79EFBC}") = "taller3.1", "taller3.1\taller3.1.csproj", "{D4868295-804D-4691-A978-38492381CD9D}"
EndProject
Global
	GlobalSection(SolutionConfigurationPlatforms) = preSolution
		Debug|Any CPU = Debug|Any CPU
		Release|Any CPU = Release|Any CPU
	EndGlobalSection
	GlobalSection(ProjectConfigurationPlatforms) = postSolution
		{D4868295-804D-4691-A978-38492381CD9D}.Debug|Any CPU.ActiveCfg = Debug|Any CPU
		{D4868295-804D-4691-A978-38492381CD9D}.Debug|Any CPU.Build.0 = Debug|Any CPU
		{D4868295-804D-4691-A978-38492381CD9D}.Release|Any CPU.ActiveCfg = Release|Any CPU
		{D4868295-804D-4691-A978-38492381CD9D}.Release|Any CPU.Build.0 = Release|Any CPU
	EndGlobalSection
	GlobalSection(SolutionProperties) = preSolution
		HideSolutionNode = FALSE
	EndGlobalSection
	GlobalSection(ExtensibilityGlobals) = postSolution
		SolutionGuid = {CA6487CE-C8BA-4012-8116-7BE0D4A49E53}
	EndGlobalSection
EndGlobal
